
Microsoft Visual Studio Solution File, Format Version 12.00
# Visual Studio 15
VisualStudioVersion = 15.0.27703.2047
MinimumVisualStudioVersion = 10.0.40219.1
Project("{FAE04EC0-301F-11D3-BF4B-00C04F79EFBC}") = "HolidayDesktop", "HolidayDesktop\HolidayDesktop.csproj", "{5779F8D0-0AEE-4F98-BDFB-641F302FD1EF}"
EndProject
Global
	GlobalSection(SolutionConfigurationPlatforms) = preSolution
		Debug|Any CPU = Debug|Any CPU
		Release|Any CPU = Release|Any CPU
	EndGlobalSection
	GlobalSection(ProjectConfigurationPlatforms) = postSolution
		{5779F8D0-0AEE-4F98-BDFB-641F302FD1EF}.Debug|Any CPU.ActiveCfg = Debug|Any CPU
		{5779F8D0-0AEE-4F98-BDFB-641F302FD1EF}.Debug|Any CPU.Build.0 = Debug|Any CPU
		{5779F8D0-0AEE-4F98-BDFB-641F302FD1EF}.Release|Any CPU.ActiveCfg = Release|Any CPU
		{5779F8D0-0AEE-4F98-BDFB-641F302FD1EF}.Release|Any CPU.Build.0 = Release|Any CPU
	EndGlobalSection
	GlobalSection(SolutionProperties) = preSolution
		HideSolutionNode = FALSE
	EndGlobalSection
	GlobalSection(ExtensibilityGlobals) = postSolution
		SolutionGuid = {7BE4A89B-8545-4839-835C-F6C80ACD940F}
	EndGlobalSection
EndGlobal
